// !$*UTF8*$!
{
	archiveVersion = 1;
	classes = {
	};
	objectVersion = 48;
	objects = {

/* Begin PBXBuildFile section */
		271EB015202D72F60013E784 /* AppDelegate.m in Sources */ = {isa = PBXBuildFile; fileRef = 271EB014202D72F60013E784 /* AppDelegate.m */; };
		271EB018202D72F60013E784 /* ViewController.m in Sources */ = {isa = PBXBuildFile; fileRef = 271EB017202D72F60013E784 /* ViewController.m */; };
		271EB01B202D72F60013E784 /* Main.storyboard in Resources */ = {isa = PBXBuildFile; fileRef = 271EB019202D72F60013E784 /* Main.storyboard */; };
		271EB01D202D72F60013E784 /* Assets.xcassets in Resources */ = {isa = PBXBuildFile; fileRef = 271EB01C202D72F60013E784 /* Assets.xcassets */; };
		271EB020202D72F60013E784 /* LaunchScreen.storyboard in Resources */ = {isa = PBXBuildFile; fileRef = 271EB01E202D72F60013E784 /* LaunchScreen.storyboard */; };
		271EB023202D72F60013E784 /* main.m in Sources */ = {isa = PBXBuildFile; fileRef = 271EB022202D72F60013E784 /* main.m */; };
		271EB02B202D73A40013E784 /* MyAudioUintRecorder.m in Sources */ = {isa = PBXBuildFile; fileRef = 271EB02A202D73A40013E784 /* MyAudioUintRecorder.m */; };
		271EB02E202D74790013E784 /* AVFoundation.framework in Frameworks */ = {isa = PBXBuildFile; fileRef = 271EB02D202D74790013E784 /* AVFoundation.framework */; };
/* End PBXBuildFile section */

/* Begin PBXFileReference section */
		271EB010202D72F60013E784 /* AudioUnitTry.app */ = {isa = PBXFileReference; explicitFileType = wrapper.application; includeInIndex = 0; path = AudioUnitTry.app; sourceTree = BUILT_PRODUCTS_DIR; };
		271EB013202D72F60013E784 /* AppDelegate.h */ = {isa = PBXFileReference; lastKnownFileType = sourcecode.c.h; path = AppDelegate.h; sourceTree = "<group>"; };
		271EB014202D72F60013E784 /* AppDelegate.m */ = {isa = PBXFileReference; lastKnownFileType = sourcecode.c.objc; path = AppDelegate.m; sourceTree = "<group>"; };
		271EB016202D72F60013E784 /* ViewController.h */ = {isa = PBXFileReference; lastKnownFileType = sourcecode.c.h; path = ViewController.h; sourceTree = "<group>"; };
		271EB017202D72F60013E784 /* ViewController.m */ = {isa = PBXFileReference; lastKnownFileType = sourcecode.c.objc; path = ViewController.m; sourceTree = "<group>"; };
		271EB01A202D72F60013E784 /* Base */ = {isa = PBXFileReference; lastKnownFileType = file.storyboard; name = Base; path = Base.lproj/Main.storyboard; sourceTree = "<group>"; };
		271EB01C202D72F60013E784 /* Assets.xcassets */ = {isa = PBXFileReference; lastKnownFileType = folder.assetcatalog; path = Assets.xcassets; sourceTree = "<group>"; };
		271EB01F202D72F60013E784 /* Base */ = {isa = PBXFileReference; lastKnownFileType = file.storyboard; name = Base; path = Base.lproj/LaunchScreen.storyboard; sourceTree = "<group>"; };
		271EB021202D72F60013E784 /* Info.plist */ = {isa = PBXFileReference; lastKnownFileType = text.plist.xml; path = Info.plist; sourceTree = "<group>"; };
		271EB022202D72F60013E784 /* main.m */ = {isa = PBXFileReference; lastKnownFileType = sourcecode.c.objc; path = main.m; sourceTree = "<group>"; };
		271EB029202D73A40013E784 /* MyAudioUintRecorder.h */ = {isa = PBXFileReference; lastKnownFileType = sourcecode.c.h; path = MyAudioUintRecorder.h; sourceTree = "<group>"; };
		271EB02A202D73A40013E784 /* MyAudioUintRecorder.m */ = {isa = PBXFileReference; lastKnownFileType = sourcecode.c.objc; path = MyAudioUintRecorder.m; sourceTree = "<group>"; };
		271EB02D202D74790013E784 /* AVFoundation.framework */ = {isa = PBXFileReference; lastKnownFileType = wrapper.framework; name = AVFoundation.framework; path = System/Library/Frameworks/AVFoundation.framework; sourceTree = SDKROOT; };
/* End PBXFileReference section */

/* Begin PBXFrameworksBuildPhase section */
		271EB00D202D72F60013E784 /* Frameworks */ = {
			isa = PBXFrameworksBuildPhase;
			buildActionMask = 2147483647;
			files = (
				271EB02E202D74790013E784 /* AVFoundation.framework in Frameworks */,
			);
			runOnlyForDeploymentPostprocessing = 0;
		};
/* End PBXFrameworksBuildPhase section */

/* Begin PBXGroup section */
		271EB007202D72F60013E784 = {
			isa = PBXGroup;
			children = (
				271EB012202D72F60013E784 /* AudioUnitTry */,
				271EB011202D72F60013E784 /* Products */,
				271EB02C202D74790013E784 /* Frameworks */,
			);
			sourceTree = "<group>";
		};
		271EB011202D72F60013E784 /* Products */ = {
			isa = PBXGroup;
			children = (
				271EB010202D72F60013E784 /* AudioUnitTry.app */,
			);
			name = Products;
			sourceTree = "<group>";
		};
		271EB012202D72F60013E784 /* AudioUnitTry */ = {
			isa = PBXGroup;
			children = (
				271EB013202D72F60013E784 /* AppDelegate.h */,
				271EB014202D72F60013E784 /* AppDelegate.m */,
				271EB016202D72F60013E784 /* ViewController.h */,
				271EB017202D72F60013E784 /* ViewController.m */,
				271EB019202D72F60013E784 /* Main.storyboard */,
				271EB01C202D72F60013E784 /* Assets.xcassets */,
				271EB01E202D72F60013E784 /* LaunchScreen.storyboard */,
				271EB021202D72F60013E784 /* Info.plist */,
				271EB022202D72F60013E784 /* main.m */,
				271EB029202D73A40013E784 /* MyAudioUintRecorder.h */,
				271EB02A202D73A40013E784 /* MyAudioUintRecorder.m */,
			);
			path = AudioUnitTry;
			sourceTree = "<group>";
		};
		271EB02C202D74790013E784 /* Frameworks */ = {
			isa = PBXGroup;
			children = (
				271EB02D202D74790013E784 /* AVFoundation.framework */,
			);
			name = Frameworks;
			sourceTree = "<group>";
		};
/* End PBXGroup section */

/* Begin PBXNativeTarget section */
		271EB00F202D72F60013E784 /* AudioUnitTry */ = {
			isa = PBXNativeTarget;
			buildConfigurationList = 271EB026202D72F60013E784 /* Build configuration list for PBXNativeTarget "AudioUnitTry" */;
			buildPhases = (
				271EB00C202D72F60013E784 /* Sources */,
				271EB00D202D72F60013E784 /* Frameworks */,
				271EB00E202D72F60013E784 /* Resources */,
			);
			buildRules = (
			);
			dependencies = (
			);
			name = AudioUnitTry;
			productName = AudioUnitTry;
			productReference = 271EB010202D72F60013E784 /* AudioUnitTry.app */;
			productType = "com.apple.product-type.application";
		};
/* End PBXNativeTarget section */

/* Begin PBXProject section */
		271EB008202D72F60013E784 /* Project object */ = {
			isa = PBXProject;
			attributes = {
				LastUpgradeCheck = 0920;
				ORGANIZATIONNAME = Yzh;
				TargetAttributes = {
					271EB00F202D72F60013E784 = {
						CreatedOnToolsVersion = 9.2;
						ProvisioningStyle = Automatic;
					};
				};
			};
			buildConfigurationList = 271EB00B202D72F60013E784 /* Build configuration list for PBXProject "AudioUnitTry" */;
			compatibilityVersion = "Xcode 8.0";
			developmentRegion = en;
			hasScannedForEncodings = 0;
			knownRegions = (
				en,
				Base,
			);
			mainGroup = 271EB007202D72F60013E784;
			productRefGroup = 271EB011202D72F60013E784 /* Products */;
			projectDirPath = "";
			projectRoot = "";
			targets = (
				271EB00F202D72F60013E784 /* AudioUnitTry */,
			);
		};
/* End PBXProject section */

/* Begin PBXResourcesBuildPhase section */
		271EB00E202D72F60013E784 /* Resources */ = {
			isa = PBXResourcesBuildPhase;
			buildActionMask = 2147483647;
			files = (
				271EB020202D72F60013E784 /* LaunchScreen.storyboard in Resources */,
				271EB01D202D72F60013E784 /* Assets.xcassets in Resources */,
				271EB01B202D72F60013E784 /* Main.storyboard in Resources */,
			);
			runOnlyForDeploymentPostprocessing = 0;
		};
/* End PBXResourcesBuildPhase section */

/* Begin PBXSourcesBuildPhase section */
		271EB00C202D72F60013E784 /* Sources */ = {
			isa = PBXSourcesBuildPhase;
			buildActionMask = 2147483647;
			files = (
				271EB018202D72F60013E784 /* ViewController.m in Sources */,
				271EB023202D72F60013E784 /* main.m in Sources */,
				271EB02B202D73A40013E784 /* MyAudioUintRecorder.m in Sources */,
				271EB015202D72F60013E784 /* AppDelegate.m in Sources */,
			);
			runOnlyForDeploymentPostprocessing = 0;
		};
/* End PBXSourcesBuildPhase section */

/* Begin PBXVariantGroup section */
		271EB019202D72F60013E784 /* Main.storyboard */ = {
			isa = PBXVariantGroup;
			children = (
				271EB01A202D72F60013E784 /* Base */,
			);
			name = Main.storyboard;
			sourceTree = "<group>";
		};
		271EB01E202D72F60013E784 /* LaunchScreen.storyboard */ = {
			isa = PBXVariantGroup;
			children = (
				271EB01F202D72F60013E784 /* Base */,
			);
			name = LaunchScreen.storyboard;
			sourceTree = "<group>";
		};
/* End PBXVariantGroup section */

/* Begin XCBuildConfiguration section */
		271EB024202D72F60013E784 /* Debug */ = {
			isa = XCBuildConfiguration;
			buildSettings = {
				ALWAYS_SEARCH_USER_PATHS = NO;
				CLANG_ANALYZER_NONNULL = YES;
				CLANG_ANALYZER_NUMBER_OBJECT_CONVERSION = YES_AGGRESSIVE;
				CLANG_CXX_LANGUAGE_STANDARD = "gnu++14";
				CLANG_CXX_LIBRARY = "libc++";
				CLANG_ENABLE_MODULES = YES;
				CLANG_ENABLE_OBJC_ARC = YES;
				CLANG_WARN_BLOCK_CAPTURE_AUTORELEASING = YES;
				CLANG_WARN_BOOL_CONVERSION = YES;
				CLANG_WARN_COMMA = YES;
				CLANG_WARN_CONSTANT_CONVERSION = YES;
				CLANG_WARN_DIRECT_OBJC_ISA_USAGE = YES_ERROR;
				CLANG_WARN_DOCUMENTATION_COMMENTS = YES;
				CLANG_WARN_EMPTY_BODY = YES;
				CLANG_WARN_ENUM_CONVERSION = YES;
				CLANG_WARN_INFINITE_RECURSION = YES;
				CLANG_WARN_INT_CONVERSION = YES;
				CLANG_WARN_NON_LITERAL_NULL_CONVERSION = YES;
				CLANG_WARN_OBJC_LITERAL_CONVERSION = YES;
				CLANG_WARN_OBJC_ROOT_CLASS = YES_ERROR;
				CLANG_WARN_RANGE_LOOP_ANALYSIS = YES;
				CLANG_WARN_STRICT_PROTOTYPES = YES;
				CLANG_WARN_SUSPICIOUS_MOVE = YES;
				CLANG_WARN_UNGUARDED_AVAILABILITY = YES_AGGRESSIVE;
				CLANG_WARN_UNREACHABLE_CODE = YES;
				CLANG_WARN__DUPLICATE_METHOD_MATCH = YES;
				CODE_SIGN_IDENTITY = "iPhone Developer";
				COPY_PHASE_STRIP = NO;
				DEBUG_INFORMATION_FORMAT = dwarf;
				ENABLE_STRICT_OBJC_MSGSEND = YES;
				ENABLE_TESTABILITY = YES;
				GCC_C_LANGUAGE_STANDARD = gnu11;
				GCC_DYNAMIC_NO_PIC = NO;
				GCC_NO_COMMON_BLOCKS = YES;
				GCC_OPTIMIZATION_LEVEL = 0;
				GCC_PREPROCESSOR_DEFINITIONS = (
					"DEBUG=1",
					"$(inherited)",
				);
				GCC_WARN_64_TO_32_BIT_CONVERSION = YES;
				GCC_WARN_ABOUT_RETURN_TYPE = YES_ERROR;
				GCC_WARN_UNDECLARED_SELECTOR = YES;
				GCC_WARN_UNINITIALIZED_AUTOS = YES_AGGRESSIVE;
				GCC_WARN_UNUSED_FUNCTION = YES;
				GCC_WARN_UNUSED_VARIABLE = YES;
				IPHONEOS_DEPLOYMENT_TARGET = 9.3;
				MTL_ENABLE_DEBUG_INFO = YES;
				ONLY_ACTIVE_ARCH = YES;
				SDKROOT = iphoneos;
			};
			name = Debug;
		};
		271EB025202D72F60013E784 /* Release */ = {
			isa = XCBuildConfiguration;
			buildSettings = {
				ALWAYS_SEARCH_USER_PATHS = NO;
				CLANG_ANALYZER_NONNULL = YES;
				CLANG_ANALYZER_NUMBER_OBJECT_CONVERSION = YES_AGGRESSIVE;
				CLANG_CXX_LANGUAGE_STANDARD = "gnu++14";
				CLANG_CXX_LIBRARY = "libc++";
				CLANG_ENABLE_MODULES = YES;
				CLANG_ENABLE_OBJC_ARC = YES;
				CLANG_WARN_BLOCK_CAPTURE_AUTORELEASING = YES;
				CLANG_WARN_BOOL_CONVERSION = YES;
				CLANG_WARN_COMMA = YES;
				CLANG_WARN_CONSTANT_CONVERSION = YES;
				CLANG_WARN_DIRECT_OBJC_ISA_USAGE = YES_ERROR;
				CLANG_WARN_DOCUMENTATION_COMMENTS = YES;
				CLANG_WARN_EMPTY_BODY = YES;
				CLANG_WARN_ENUM_CONVERSION = YES;
				CLANG_WARN_INFINITE_RECURSION = YES;
				CLANG_WARN_INT_CONVERSION = YES;
				CLANG_WARN_NON_LITERAL_NULL_CONVERSION = YES;
				CLANG_WARN_OBJC_LITERAL_CONVERSION = YES;
				CLANG_WARN_OBJC_ROOT_CLASS = YES_ERROR;
				CLANG_WARN_RANGE_LOOP_ANALYSIS = YES;
				CLANG_WARN_STRICT_PROTOTYPES = YES;
				CLANG_WARN_SUSPICIOUS_MOVE = YES;
				CLANG_WARN_UNGUARDED_AVAILABILITY = YES_AGGRESSIVE;
				CLANG_WARN_UNREACHABLE_CODE = YES;
				CLANG_WARN__DUPLICATE_METHOD_MATCH = YES;
				CODE_SIGN_IDENTITY = "iPhone Developer";
				COPY_PHASE_STRIP = NO;
				DEBUG_INFORMATION_FORMAT = "dwarf-with-dsym";
				ENABLE_NS_ASSERTIONS = NO;
				ENABLE_STRICT_OBJC_MSGSEND = YES;
				GCC_C_LANGUAGE_STANDARD = gnu11;
				GCC_NO_COMMON_BLOCKS = YES;
				GCC_WARN_64_TO_32_BIT_CONVERSION = YES;
				GCC_WARN_ABOUT_RETURN_TYPE = YES_ERROR;
				GCC_WARN_UNDECLARED_SELECTOR = YES;
				GCC_WARN_UNINITIALIZED_AUTOS = YES_AGGRESSIVE;
				GCC_WARN_UNUSED_FUNCTION = YES;
				GCC_WARN_UNUSED_VARIABLE = YES;
				IPHONEOS_DEPLOYMENT_TARGET = 9.3;
				MTL_ENABLE_DEBUG_INFO = NO;
				SDKROOT = iphoneos;
				VALIDATE_PRODUCT = YES;
			};
			name = Release;
		};
		271EB027202D72F60013E784 /* Debug */ = {
			isa = XCBuildConfiguration;
			buildSettings = {
				ASSETCATALOG_COMPILER_APPICON_NAME = AppIcon;
				CODE_SIGN_STYLE = Automatic;
				DEVELOPMENT_TEAM = AQJ36Q49G9;
				INFOPLIST_FILE = AudioUnitTry/Info.plist;
				LD_RUNPATH_SEARCH_PATHS = "$(inherited) @executable_path/Frameworks";
				PRODUCT_BUNDLE_IDENTIFIER = yzh.self.AudioUnitTry;
				PRODUCT_NAME = "$(TARGET_NAME)";
				TARGETED_DEVICE_FAMILY = "1,2";
			};
			name = Debug;
		};
		271EB028202D72F60013E784 /* Release */ = {
			isa = XCBuildConfiguration;
			buildSettings = {
				ASSETCATALOG_COMPILER_APPICON_NAME = AppIcon;
				CODE_SIGN_STYLE = Automatic;
				DEVELOPMENT_TEAM = AQJ36Q49G9;
				INFOPLIST_FILE = AudioUnitTry/Info.plist;
				LD_RUNPATH_SEARCH_PATHS = "$(inherited) @executable_path/Frameworks";
				PRODUCT_BUNDLE_IDENTIFIER = yzh.self.AudioUnitTry;
				PRODUCT_NAME = "$(TARGET_NAME)";
				TARGETED_DEVICE_FAMILY = "1,2";
			};
			name = Release;
		};
/* End XCBuildConfiguration section */

/* Begin XCConfigurationList section */
		271EB00B202D72F60013E784 /* Build configuration list for PBXProject "AudioUnitTry" */ = {
			isa = XCConfigurationList;
			buildConfigurations = (
				271EB024202D72F60013E784 /* Debug */,
				271EB025202D72F60013E784 /* Release */,
			);
			defaultConfigurationIsVisible = 0;
			defaultConfigurationName = Release;
		};
		271EB026202D72F60013E784 /* Build configuration list for PBXNativeTarget "AudioUnitTry" */ = {
			isa = XCConfigurationList;
			buildConfigurations = (
				271EB027202D72F60013E784 /* Debug */,
				271EB028202D72F60013E784 /* Release */,
			);
			defaultConfigurationIsVisible = 0;
			defaultConfigurationName = Release;
		};
/* End XCConfigurationList section */
	};
	rootObject = 271EB008202D72F60013E784 /* Project object */;
}
